
Microsoft Visual Studio Solution File, Format Version 12.00
# Visual Studio Version 17
VisualStudioVersion = 17.4.33213.308
MinimumVisualStudioVersion = 10.0.40219.1
Project("{FAE04EC0-301F-11D3-BF4B-00C04F79EFBC}") = "tp3_serveur", "tp3_serveur.csproj", "{65A75BB9-C517-4680-B57C-04E3DAB4CC71}"
EndProject
Global
	GlobalSection(SolutionConfigurationPlatforms) = preSolution
		Debug|Any CPU = Debug|Any CPU
		Release|Any CPU = Release|Any CPU
	EndGlobalSection
	GlobalSection(ProjectConfigurationPlatforms) = postSolution
		{65A75BB9-C517-4680-B57C-04E3DAB4CC71}.Debug|Any CPU.ActiveCfg = Debug|Any CPU
		{65A75BB9-C517-4680-B57C-04E3DAB4CC71}.Debug|Any CPU.Build.0 = Debug|Any CPU
		{65A75BB9-C517-4680-B57C-04E3DAB4CC71}.Release|Any CPU.ActiveCfg = Release|Any CPU
		{65A75BB9-C517-4680-B57C-04E3DAB4CC71}.Release|Any CPU.Build.0 = Release|Any CPU
	EndGlobalSection
	GlobalSection(SolutionProperties) = preSolution
		HideSolutionNode = FALSE
	EndGlobalSection
	GlobalSection(ExtensibilityGlobals) = postSolution
		SolutionGuid = {30E58E2C-E363-4E4E-ADE3-5D4249F4F69A}
	EndGlobalSection
EndGlobal
